// !$*UTF8*$!
{
	archiveVersion = 1;
	classes = {
	};
	objectVersion = 50;
	objects = {

/* Begin PBXBuildFile section */
		1DE7478B26E7DD93001BF233 /* Reddit_FeedApp.swift in Sources */ = {isa = PBXBuildFile; fileRef = 1DE7478A26E7DD93001BF233 /* Reddit_FeedApp.swift */; };
		1DE7478D26E7DD93001BF233 /* FeedView.swift in Sources */ = {isa = PBXBuildFile; fileRef = 1DE7478C26E7DD93001BF233 /* FeedView.swift */; };
		1DE7478F26E7DD94001BF233 /* Assets.xcassets in Resources */ = {isa = PBXBuildFile; fileRef = 1DE7478E26E7DD94001BF233 /* Assets.xcassets */; };
		1DE7479226E7DD94001BF233 /* Preview Assets.xcassets in Resources */ = {isa = PBXBuildFile; fileRef = 1DE7479126E7DD94001BF233 /* Preview Assets.xcassets */; };
		1DE7479D26E7DD94001BF233 /* Reddit_FeedTests.swift in Sources */ = {isa = PBXBuildFile; fileRef = 1DE7479C26E7DD94001BF233 /* Reddit_FeedTests.swift */; };
		1DE747A826E7DD94001BF233 /* Reddit_FeedUITests.swift in Sources */ = {isa = PBXBuildFile; fileRef = 1DE747A726E7DD94001BF233 /* Reddit_FeedUITests.swift */; };
		1DE747BA26E7EADF001BF233 /* Post.swift in Sources */ = {isa = PBXBuildFile; fileRef = 1DE747B926E7EADF001BF233 /* Post.swift */; };
		1DE747BC26E7EB13001BF233 /* FeedViewModel.swift in Sources */ = {isa = PBXBuildFile; fileRef = 1DE747BB26E7EB13001BF233 /* FeedViewModel.swift */; };
		1DE747BF26E82776001BF233 /* NetworkManager.swift in Sources */ = {isa = PBXBuildFile; fileRef = 1DE747BE26E82776001BF233 /* NetworkManager.swift */; };
/* End PBXBuildFile section */

/* Begin PBXContainerItemProxy section */
		1DE7479926E7DD94001BF233 /* PBXContainerItemProxy */ = {
			isa = PBXContainerItemProxy;
			containerPortal = 1DE7477F26E7DD93001BF233 /* Project object */;
			proxyType = 1;
			remoteGlobalIDString = 1DE7478626E7DD93001BF233;
			remoteInfo = "Reddit Feed";
		};
		1DE747A426E7DD94001BF233 /* PBXContainerItemProxy */ = {
			isa = PBXContainerItemProxy;
			containerPortal = 1DE7477F26E7DD93001BF233 /* Project object */;
			proxyType = 1;
			remoteGlobalIDString = 1DE7478626E7DD93001BF233;
			remoteInfo = "Reddit Feed";
		};
/* End PBXContainerItemProxy section */

/* Begin PBXFileReference section */
		1DE7478726E7DD93001BF233 /* Reddit Feed.app */ = {isa = PBXFileReference; explicitFileType = wrapper.application; includeInIndex = 0; path = "Reddit Feed.app"; sourceTree = BUILT_PRODUCTS_DIR; };
		1DE7478A26E7DD93001BF233 /* Reddit_FeedApp.swift */ = {isa = PBXFileReference; lastKnownFileType = sourcecode.swift; path = Reddit_FeedApp.swift; sourceTree = "<group>"; };
		1DE7478C26E7DD93001BF233 /* FeedView.swift */ = {isa = PBXFileReference; lastKnownFileType = sourcecode.swift; path = FeedView.swift; sourceTree = "<group>"; };
		1DE7478E26E7DD94001BF233 /* Assets.xcassets */ = {isa = PBXFileReference; lastKnownFileType = folder.assetcatalog; path = Assets.xcassets; sourceTree = "<group>"; };
		1DE7479126E7DD94001BF233 /* Preview Assets.xcassets */ = {isa = PBXFileReference; lastKnownFileType = folder.assetcatalog; path = "Preview Assets.xcassets"; sourceTree = "<group>"; };
		1DE7479326E7DD94001BF233 /* Info.plist */ = {isa = PBXFileReference; lastKnownFileType = text.plist.xml; path = Info.plist; sourceTree = "<group>"; };
		1DE7479826E7DD94001BF233 /* Reddit FeedTests.xctest */ = {isa = PBXFileReference; explicitFileType = wrapper.cfbundle; includeInIndex = 0; path = "Reddit FeedTests.xctest"; sourceTree = BUILT_PRODUCTS_DIR; };
		1DE7479C26E7DD94001BF233 /* Reddit_FeedTests.swift */ = {isa = PBXFileReference; lastKnownFileType = sourcecode.swift; path = Reddit_FeedTests.swift; sourceTree = "<group>"; };
		1DE7479E26E7DD94001BF233 /* Info.plist */ = {isa = PBXFileReference; lastKnownFileType = text.plist.xml; path = Info.plist; sourceTree = "<group>"; };
		1DE747A326E7DD94001BF233 /* Reddit FeedUITests.xctest */ = {isa = PBXFileReference; explicitFileType = wrapper.cfbundle; includeInIndex = 0; path = "Reddit FeedUITests.xctest"; sourceTree = BUILT_PRODUCTS_DIR; };
		1DE747A726E7DD94001BF233 /* Reddit_FeedUITests.swift */ = {isa = PBXFileReference; lastKnownFileType = sourcecode.swift; path = Reddit_FeedUITests.swift; sourceTree = "<group>"; };
		1DE747A926E7DD94001BF233 /* Info.plist */ = {isa = PBXFileReference; lastKnownFileType = text.plist.xml; path = Info.plist; sourceTree = "<group>"; };
		1DE747B926E7EADF001BF233 /* Post.swift */ = {isa = PBXFileReference; lastKnownFileType = sourcecode.swift; path = Post.swift; sourceTree = "<group>"; };
		1DE747BB26E7EB13001BF233 /* FeedViewModel.swift */ = {isa = PBXFileReference; lastKnownFileType = sourcecode.swift; path = FeedViewModel.swift; sourceTree = "<group>"; };
		1DE747BE26E82776001BF233 /* NetworkManager.swift */ = {isa = PBXFileReference; lastKnownFileType = sourcecode.swift; path = NetworkManager.swift; sourceTree = "<group>"; };
/* End PBXFileReference section */

/* Begin PBXFrameworksBuildPhase section */
		1DE7478426E7DD93001BF233 /* Frameworks */ = {
			isa = PBXFrameworksBuildPhase;
			buildActionMask = 2147483647;
			files = (
			);
			runOnlyForDeploymentPostprocessing = 0;
		};
		1DE7479526E7DD94001BF233 /* Frameworks */ = {
			isa = PBXFrameworksBuildPhase;
			buildActionMask = 2147483647;
			files = (
			);
			runOnlyForDeploymentPostprocessing = 0;
		};
		1DE747A026E7DD94001BF233 /* Frameworks */ = {
			isa = PBXFrameworksBuildPhase;
			buildActionMask = 2147483647;
			files = (
			);
			runOnlyForDeploymentPostprocessing = 0;
		};
/* End PBXFrameworksBuildPhase section */

/* Begin PBXGroup section */
		1DE7477E26E7DD93001BF233 = {
			isa = PBXGroup;
			children = (
				1DE7478926E7DD93001BF233 /* Reddit Feed */,
				1DE7479B26E7DD94001BF233 /* Reddit FeedTests */,
				1DE747A626E7DD94001BF233 /* Reddit FeedUITests */,
				1DE7478826E7DD93001BF233 /* Products */,
			);
			sourceTree = "<group>";
		};
		1DE7478826E7DD93001BF233 /* Products */ = {
			isa = PBXGroup;
			children = (
				1DE7478726E7DD93001BF233 /* Reddit Feed.app */,
				1DE7479826E7DD94001BF233 /* Reddit FeedTests.xctest */,
				1DE747A326E7DD94001BF233 /* Reddit FeedUITests.xctest */,
			);
			name = Products;
			sourceTree = "<group>";
		};
		1DE7478926E7DD93001BF233 /* Reddit Feed */ = {
			isa = PBXGroup;
			children = (
				1DE747B526E7DFE5001BF233 /* Model */,
				1DE747B626E7DFF5001BF233 /* View */,
				1DE7478E26E7DD94001BF233 /* Assets.xcassets */,
				1DE7479326E7DD94001BF233 /* Info.plist */,
				1DE7478A26E7DD93001BF233 /* Reddit_FeedApp.swift */,
				1DE7479026E7DD94001BF233 /* Preview Content */,
			);
			path = "Reddit Feed";
			sourceTree = "<group>";
		};
		1DE7479026E7DD94001BF233 /* Preview Content */ = {
			isa = PBXGroup;
			children = (
				1DE7479126E7DD94001BF233 /* Preview Assets.xcassets */,
			);
			path = "Preview Content";
			sourceTree = "<group>";
		};
		1DE7479B26E7DD94001BF233 /* Reddit FeedTests */ = {
			isa = PBXGroup;
			children = (
				1DE7479C26E7DD94001BF233 /* Reddit_FeedTests.swift */,
				1DE7479E26E7DD94001BF233 /* Info.plist */,
			);
			path = "Reddit FeedTests";
			sourceTree = "<group>";
		};
		1DE747A626E7DD94001BF233 /* Reddit FeedUITests */ = {
			isa = PBXGroup;
			children = (
				1DE747A726E7DD94001BF233 /* Reddit_FeedUITests.swift */,
				1DE747A926E7DD94001BF233 /* Info.plist */,
			);
			path = "Reddit FeedUITests";
			sourceTree = "<group>";
		};
		1DE747B526E7DFE5001BF233 /* Model */ = {
			isa = PBXGroup;
			children = (
				1DE747B926E7EADF001BF233 /* Post.swift */,
				1DE747BE26E82776001BF233 /* NetworkManager.swift */,
			);
			path = Model;
			sourceTree = "<group>";
		};
		1DE747B626E7DFF5001BF233 /* View */ = {
			isa = PBXGroup;
			children = (
				1DE747BD26E818E1001BF233 /* FeedView */,
			);
			path = View;
			sourceTree = "<group>";
		};
		1DE747B826E7E01B001BF233 /* FeedViewModel */ = {
			isa = PBXGroup;
			children = (
				1DE747BB26E7EB13001BF233 /* FeedViewModel.swift */,
			);
			path = FeedViewModel;
			sourceTree = "<group>";
		};
		1DE747BD26E818E1001BF233 /* FeedView */ = {
			isa = PBXGroup;
			children = (
				1DE7478C26E7DD93001BF233 /* FeedView.swift */,
				1DE747B826E7E01B001BF233 /* FeedViewModel */,
			);
			path = FeedView;
			sourceTree = "<group>";
		};
/* End PBXGroup section */

/* Begin PBXNativeTarget section */
		1DE7478626E7DD93001BF233 /* Reddit Feed */ = {
			isa = PBXNativeTarget;
			buildConfigurationList = 1DE747AC26E7DD94001BF233 /* Build configuration list for PBXNativeTarget "Reddit Feed" */;
			buildPhases = (
				1DE7478326E7DD93001BF233 /* Sources */,
				1DE7478426E7DD93001BF233 /* Frameworks */,
				1DE7478526E7DD93001BF233 /* Resources */,
			);
			buildRules = (
			);
			dependencies = (
			);
			name = "Reddit Feed";
			productName = "Reddit Feed";
			productReference = 1DE7478726E7DD93001BF233 /* Reddit Feed.app */;
			productType = "com.apple.product-type.application";
		};
		1DE7479726E7DD94001BF233 /* Reddit FeedTests */ = {
			isa = PBXNativeTarget;
			buildConfigurationList = 1DE747AF26E7DD94001BF233 /* Build configuration list for PBXNativeTarget "Reddit FeedTests" */;
			buildPhases = (
				1DE7479426E7DD94001BF233 /* Sources */,
				1DE7479526E7DD94001BF233 /* Frameworks */,
				1DE7479626E7DD94001BF233 /* Resources */,
			);
			buildRules = (
			);
			dependencies = (
				1DE7479A26E7DD94001BF233 /* PBXTargetDependency */,
			);
			name = "Reddit FeedTests";
			productName = "Reddit FeedTests";
			productReference = 1DE7479826E7DD94001BF233 /* Reddit FeedTests.xctest */;
			productType = "com.apple.product-type.bundle.unit-test";
		};
		1DE747A226E7DD94001BF233 /* Reddit FeedUITests */ = {
			isa = PBXNativeTarget;
			buildConfigurationList = 1DE747B226E7DD94001BF233 /* Build configuration list for PBXNativeTarget "Reddit FeedUITests" */;
			buildPhases = (
				1DE7479F26E7DD94001BF233 /* Sources */,
				1DE747A026E7DD94001BF233 /* Frameworks */,
				1DE747A126E7DD94001BF233 /* Resources */,
			);
			buildRules = (
			);
			dependencies = (
				1DE747A526E7DD94001BF233 /* PBXTargetDependency */,
			);
			name = "Reddit FeedUITests";
			productName = "Reddit FeedUITests";
			productReference = 1DE747A326E7DD94001BF233 /* Reddit FeedUITests.xctest */;
			productType = "com.apple.product-type.bundle.ui-testing";
		};
/* End PBXNativeTarget section */

/* Begin PBXProject section */
		1DE7477F26E7DD93001BF233 /* Project object */ = {
			isa = PBXProject;
			attributes = {
				LastSwiftUpdateCheck = 1250;
				LastUpgradeCheck = 1250;
				TargetAttributes = {
					1DE7478626E7DD93001BF233 = {
						CreatedOnToolsVersion = 12.5.1;
					};
					1DE7479726E7DD94001BF233 = {
						CreatedOnToolsVersion = 12.5.1;
						TestTargetID = 1DE7478626E7DD93001BF233;
					};
					1DE747A226E7DD94001BF233 = {
						CreatedOnToolsVersion = 12.5.1;
						TestTargetID = 1DE7478626E7DD93001BF233;
					};
				};
			};
			buildConfigurationList = 1DE7478226E7DD93001BF233 /* Build configuration list for PBXProject "Reddit Feed" */;
			compatibilityVersion = "Xcode 9.3";
			developmentRegion = en;
			hasScannedForEncodings = 0;
			knownRegions = (
				en,
				Base,
			);
			mainGroup = 1DE7477E26E7DD93001BF233;
			productRefGroup = 1DE7478826E7DD93001BF233 /* Products */;
			projectDirPath = "";
			projectRoot = "";
			targets = (
				1DE7478626E7DD93001BF233 /* Reddit Feed */,
				1DE7479726E7DD94001BF233 /* Reddit FeedTests */,
				1DE747A226E7DD94001BF233 /* Reddit FeedUITests */,
			);
		};
/* End PBXProject section */

/* Begin PBXResourcesBuildPhase section */
		1DE7478526E7DD93001BF233 /* Resources */ = {
			isa = PBXResourcesBuildPhase;
			buildActionMask = 2147483647;
			files = (
				1DE7479226E7DD94001BF233 /* Preview Assets.xcassets in Resources */,
				1DE7478F26E7DD94001BF233 /* Assets.xcassets in Resources */,
			);
			runOnlyForDeploymentPostprocessing = 0;
		};
		1DE7479626E7DD94001BF233 /* Resources */ = {
			isa = PBXResourcesBuildPhase;
			buildActionMask = 2147483647;
			files = (
			);
			runOnlyForDeploymentPostprocessing = 0;
		};
		1DE747A126E7DD94001BF233 /* Resources */ = {
			isa = PBXResourcesBuildPhase;
			buildActionMask = 2147483647;
			files = (
			);
			runOnlyForDeploymentPostprocessing = 0;
		};
/* End PBXResourcesBuildPhase section */

/* Begin PBXSourcesBuildPhase section */
		1DE7478326E7DD93001BF233 /* Sources */ = {
			isa = PBXSourcesBuildPhase;
			buildActionMask = 2147483647;
			files = (
				1DE747BA26E7EADF001BF233 /* Post.swift in Sources */,
				1DE7478D26E7DD93001BF233 /* FeedView.swift in Sources */,
				1DE747BF26E82776001BF233 /* NetworkManager.swift in Sources */,
				1DE747BC26E7EB13001BF233 /* FeedViewModel.swift in Sources */,
				1DE7478B26E7DD93001BF233 /* Reddit_FeedApp.swift in Sources */,
			);
			runOnlyForDeploymentPostprocessing = 0;
		};
		1DE7479426E7DD94001BF233 /* Sources */ = {
			isa = PBXSourcesBuildPhase;
			buildActionMask = 2147483647;
			files = (
				1DE7479D26E7DD94001BF233 /* Reddit_FeedTests.swift in Sources */,
			);
			runOnlyForDeploymentPostprocessing = 0;
		};
		1DE7479F26E7DD94001BF233 /* Sources */ = {
			isa = PBXSourcesBuildPhase;
			buildActionMask = 2147483647;
			files = (
				1DE747A826E7DD94001BF233 /* Reddit_FeedUITests.swift in Sources */,
			);
			runOnlyForDeploymentPostprocessing = 0;
		};
/* End PBXSourcesBuildPhase section */

/* Begin PBXTargetDependency section */
		1DE7479A26E7DD94001BF233 /* PBXTargetDependency */ = {
			isa = PBXTargetDependency;
			target = 1DE7478626E7DD93001BF233 /* Reddit Feed */;
			targetProxy = 1DE7479926E7DD94001BF233 /* PBXContainerItemProxy */;
		};
		1DE747A526E7DD94001BF233 /* PBXTargetDependency */ = {
			isa = PBXTargetDependency;
			target = 1DE7478626E7DD93001BF233 /* Reddit Feed */;
			targetProxy = 1DE747A426E7DD94001BF233 /* PBXContainerItemProxy */;
		};
/* End PBXTargetDependency section */

/* Begin XCBuildConfiguration section */
		1DE747AA26E7DD94001BF233 /* Debug */ = {
			isa = XCBuildConfiguration;
			buildSettings = {
				ALWAYS_SEARCH_USER_PATHS = NO;
				CLANG_ANALYZER_NONNULL = YES;
				CLANG_ANALYZER_NUMBER_OBJECT_CONVERSION = YES_AGGRESSIVE;
				CLANG_CXX_LANGUAGE_STANDARD = "gnu++14";
				CLANG_CXX_LIBRARY = "libc++";
				CLANG_ENABLE_MODULES = YES;
				CLANG_ENABLE_OBJC_ARC = YES;
				CLANG_ENABLE_OBJC_WEAK = YES;
				CLANG_WARN_BLOCK_CAPTURE_AUTORELEASING = YES;
				CLANG_WARN_BOOL_CONVERSION = YES;
				CLANG_WARN_COMMA = YES;
				CLANG_WARN_CONSTANT_CONVERSION = YES;
				CLANG_WARN_DEPRECATED_OBJC_IMPLEMENTATIONS = YES;
				CLANG_WARN_DIRECT_OBJC_ISA_USAGE = YES_ERROR;
				CLANG_WARN_DOCUMENTATION_COMMENTS = YES;
				CLANG_WARN_EMPTY_BODY = YES;
				CLANG_WARN_ENUM_CONVERSION = YES;
				CLANG_WARN_INFINITE_RECURSION = YES;
				CLANG_WARN_INT_CONVERSION = YES;
				CLANG_WARN_NON_LITERAL_NULL_CONVERSION = YES;
				CLANG_WARN_OBJC_IMPLICIT_RETAIN_SELF = YES;
				CLANG_WARN_OBJC_LITERAL_CONVERSION = YES;
				CLANG_WARN_OBJC_ROOT_CLASS = YES_ERROR;
				CLANG_WARN_QUOTED_INCLUDE_IN_FRAMEWORK_HEADER = YES;
				CLANG_WARN_RANGE_LOOP_ANALYSIS = YES;
				CLANG_WARN_STRICT_PROTOTYPES = YES;
				CLANG_WARN_SUSPICIOUS_MOVE = YES;
				CLANG_WARN_UNGUARDED_AVAILABILITY = YES_AGGRESSIVE;
				CLANG_WARN_UNREACHABLE_CODE = YES;
				CLANG_WARN__DUPLICATE_METHOD_MATCH = YES;
				COPY_PHASE_STRIP = NO;
				DEBUG_INFORMATION_FORMAT = dwarf;
				ENABLE_STRICT_OBJC_MSGSEND = YES;
				ENABLE_TESTABILITY = YES;
				GCC_C_LANGUAGE_STANDARD = gnu11;
				GCC_DYNAMIC_NO_PIC = NO;
				GCC_NO_COMMON_BLOCKS = YES;
				GCC_OPTIMIZATION_LEVEL = 0;
				GCC_PREPROCESSOR_DEFINITIONS = (
					"DEBUG=1",
					"$(inherited)",
				);
				GCC_WARN_64_TO_32_BIT_CONVERSION = YES;
				GCC_WARN_ABOUT_RETURN_TYPE = YES_ERROR;
				GCC_WARN_UNDECLARED_SELECTOR = YES;
				GCC_WARN_UNINITIALIZED_AUTOS = YES_AGGRESSIVE;
				GCC_WARN_UNUSED_FUNCTION = YES;
				GCC_WARN_UNUSED_VARIABLE = YES;
				IPHONEOS_DEPLOYMENT_TARGET = 14.5;
				MTL_ENABLE_DEBUG_INFO = INCLUDE_SOURCE;
				MTL_FAST_MATH = YES;
				ONLY_ACTIVE_ARCH = YES;
				SDKROOT = iphoneos;
				SWIFT_ACTIVE_COMPILATION_CONDITIONS = DEBUG;
				SWIFT_OPTIMIZATION_LEVEL = "-Onone";
			};
			name = Debug;
		};
		1DE747AB26E7DD94001BF233 /* Release */ = {
			isa = XCBuildConfiguration;
			buildSettings = {
				ALWAYS_SEARCH_USER_PATHS = NO;
				CLANG_ANALYZER_NONNULL = YES;
				CLANG_ANALYZER_NUMBER_OBJECT_CONVERSION = YES_AGGRESSIVE;
				CLANG_CXX_LANGUAGE_STANDARD = "gnu++14";
				CLANG_CXX_LIBRARY = "libc++";
				CLANG_ENABLE_MODULES = YES;
				CLANG_ENABLE_OBJC_ARC = YES;
				CLANG_ENABLE_OBJC_WEAK = YES;
				CLANG_WARN_BLOCK_CAPTURE_AUTORELEASING = YES;
				CLANG_WARN_BOOL_CONVERSION = YES;
				CLANG_WARN_COMMA = YES;
				CLANG_WARN_CONSTANT_CONVERSION = YES;
				CLANG_WARN_DEPRECATED_OBJC_IMPLEMENTATIONS = YES;
				CLANG_WARN_DIRECT_OBJC_ISA_USAGE = YES_ERROR;
				CLANG_WARN_DOCUMENTATION_COMMENTS = YES;
				CLANG_WARN_EMPTY_BODY = YES;
				CLANG_WARN_ENUM_CONVERSION = YES;
				CLANG_WARN_INFINITE_RECURSION = YES;
				CLANG_WARN_INT_CONVERSION = YES;
				CLANG_WARN_NON_LITERAL_NULL_CONVERSION = YES;
				CLANG_WARN_OBJC_IMPLICIT_RETAIN_SELF = YES;
				CLANG_WARN_OBJC_LITERAL_CONVERSION = YES;
				CLANG_WARN_OBJC_ROOT_CLASS = YES_ERROR;
				CLANG_WARN_QUOTED_INCLUDE_IN_FRAMEWORK_HEADER = YES;
				CLANG_WARN_RANGE_LOOP_ANALYSIS = YES;
				CLANG_WARN_STRICT_PROTOTYPES = YES;
				CLANG_WARN_SUSPICIOUS_MOVE = YES;
				CLANG_WARN_UNGUARDED_AVAILABILITY = YES_AGGRESSIVE;
				CLANG_WARN_UNREACHABLE_CODE = YES;
				CLANG_WARN__DUPLICATE_METHOD_MATCH = YES;
				COPY_PHASE_STRIP = NO;
				DEBUG_INFORMATION_FORMAT = "dwarf-with-dsym";
				ENABLE_NS_ASSERTIONS = NO;
				ENABLE_STRICT_OBJC_MSGSEND = YES;
				GCC_C_LANGUAGE_STANDARD = gnu11;
				GCC_NO_COMMON_BLOCKS = YES;
				GCC_WARN_64_TO_32_BIT_CONVERSION = YES;
				GCC_WARN_ABOUT_RETURN_TYPE = YES_ERROR;
				GCC_WARN_UNDECLARED_SELECTOR = YES;
				GCC_WARN_UNINITIALIZED_AUTOS = YES_AGGRESSIVE;
				GCC_WARN_UNUSED_FUNCTION = YES;
				GCC_WARN_UNUSED_VARIABLE = YES;
				IPHONEOS_DEPLOYMENT_TARGET = 14.5;
				MTL_ENABLE_DEBUG_INFO = NO;
				MTL_FAST_MATH = YES;
				SDKROOT = iphoneos;
				SWIFT_COMPILATION_MODE = wholemodule;
				SWIFT_OPTIMIZATION_LEVEL = "-O";
				VALIDATE_PRODUCT = YES;
			};
			name = Release;
		};
		1DE747AD26E7DD94001BF233 /* Debug */ = {
			isa = XCBuildConfiguration;
			buildSettings = {
				ASSETCATALOG_COMPILER_APPICON_NAME = AppIcon;
				ASSETCATALOG_COMPILER_GLOBAL_ACCENT_COLOR_NAME = AccentColor;
				CODE_SIGN_STYLE = Automatic;
				DEVELOPMENT_ASSET_PATHS = "\"Reddit Feed/Preview Content\"";
				DEVELOPMENT_TEAM = 5525GJ5XAJ;
				ENABLE_PREVIEWS = YES;
				INFOPLIST_FILE = "Reddit Feed/Info.plist";
				IPHONEOS_DEPLOYMENT_TARGET = 14.0;
				LD_RUNPATH_SEARCH_PATHS = (
					"$(inherited)",
					"@executable_path/Frameworks",
				);
				PRODUCT_BUNDLE_IDENTIFIER = "com.RickMartinez.Reddit-Feed";
				PRODUCT_NAME = "$(TARGET_NAME)";
				SWIFT_VERSION = 5.0;
				TARGETED_DEVICE_FAMILY = "1,2";
			};
			name = Debug;
		};
		1DE747AE26E7DD94001BF233 /* Release */ = {
			isa = XCBuildConfiguration;
			buildSettings = {
				ASSETCATALOG_COMPILER_APPICON_NAME = AppIcon;
				ASSETCATALOG_COMPILER_GLOBAL_ACCENT_COLOR_NAME = AccentColor;
				CODE_SIGN_STYLE = Automatic;
				DEVELOPMENT_ASSET_PATHS = "\"Reddit Feed/Preview Content\"";
				DEVELOPMENT_TEAM = 5525GJ5XAJ;
				ENABLE_PREVIEWS = YES;
				INFOPLIST_FILE = "Reddit Feed/Info.plist";
				IPHONEOS_DEPLOYMENT_TARGET = 14.0;
				LD_RUNPATH_SEARCH_PATHS = (
					"$(inherited)",
					"@executable_path/Frameworks",
				);
				PRODUCT_BUNDLE_IDENTIFIER = "com.RickMartinez.Reddit-Feed";
				PRODUCT_NAME = "$(TARGET_NAME)";
				SWIFT_VERSION = 5.0;
				TARGETED_DEVICE_FAMILY = "1,2";
			};
			name = Release;
		};
		1DE747B026E7DD94001BF233 /* Debug */ = {
			isa = XCBuildConfiguration;
			buildSettings = {
				ALWAYS_EMBED_SWIFT_STANDARD_LIBRARIES = YES;
				BUNDLE_LOADER = "$(TEST_HOST)";
				CODE_SIGN_STYLE = Automatic;
				DEVELOPMENT_TEAM = 5525GJ5XAJ;
				INFOPLIST_FILE = "Reddit FeedTests/Info.plist";
				IPHONEOS_DEPLOYMENT_TARGET = 14.0;
				LD_RUNPATH_SEARCH_PATHS = (
					"$(inherited)",
					"@executable_path/Frameworks",
					"@loader_path/Frameworks",
				);
				PRODUCT_BUNDLE_IDENTIFIER = "com.RickMartinez.Reddit-FeedTests";
				PRODUCT_NAME = "$(TARGET_NAME)";
				SWIFT_VERSION = 5.0;
				TARGETED_DEVICE_FAMILY = "1,2";
				TEST_HOST = "$(BUILT_PRODUCTS_DIR)/Reddit Feed.app/Reddit Feed";
			};
			name = Debug;
		};
		1DE747B126E7DD94001BF233 /* Release */ = {
			isa = XCBuildConfiguration;
			buildSettings = {
				ALWAYS_EMBED_SWIFT_STANDARD_LIBRARIES = YES;
				BUNDLE_LOADER = "$(TEST_HOST)";
				CODE_SIGN_STYLE = Automatic;
				DEVELOPMENT_TEAM = 5525GJ5XAJ;
				INFOPLIST_FILE = "Reddit FeedTests/Info.plist";
				IPHONEOS_DEPLOYMENT_TARGET = 14.0;
				LD_RUNPATH_SEARCH_PATHS = (
					"$(inherited)",
					"@executable_path/Frameworks",
					"@loader_path/Frameworks",
				);
				PRODUCT_BUNDLE_IDENTIFIER = "com.RickMartinez.Reddit-FeedTests";
				PRODUCT_NAME = "$(TARGET_NAME)";
				SWIFT_VERSION = 5.0;
				TARGETED_DEVICE_FAMILY = "1,2";
				TEST_HOST = "$(BUILT_PRODUCTS_DIR)/Reddit Feed.app/Reddit Feed";
			};
			name = Release;
		};
		1DE747B326E7DD94001BF233 /* Debug */ = {
			isa = XCBuildConfiguration;
			buildSettings = {
				ALWAYS_EMBED_SWIFT_STANDARD_LIBRARIES = YES;
				CODE_SIGN_STYLE = Automatic;
				DEVELOPMENT_TEAM = 5525GJ5XAJ;
				INFOPLIST_FILE = "Reddit FeedUITests/Info.plist";
				LD_RUNPATH_SEARCH_PATHS = (
					"$(inherited)",
					"@executable_path/Frameworks",
					"@loader_path/Frameworks",
				);
				PRODUCT_BUNDLE_IDENTIFIER = "com.RickMartinez.Reddit-FeedUITests";
				PRODUCT_NAME = "$(TARGET_NAME)";
				SWIFT_VERSION = 5.0;
				TARGETED_DEVICE_FAMILY = "1,2";
				TEST_TARGET_NAME = "Reddit Feed";
			};
			name = Debug;
		};
		1DE747B426E7DD94001BF233 /* Release */ = {
			isa = XCBuildConfiguration;
			buildSettings = {
				ALWAYS_EMBED_SWIFT_STANDARD_LIBRARIES = YES;
				CODE_SIGN_STYLE = Automatic;
				DEVELOPMENT_TEAM = 5525GJ5XAJ;
				INFOPLIST_FILE = "Reddit FeedUITests/Info.plist";
				LD_RUNPATH_SEARCH_PATHS = (
					"$(inherited)",
					"@executable_path/Frameworks",
					"@loader_path/Frameworks",
				);
				PRODUCT_BUNDLE_IDENTIFIER = "com.RickMartinez.Reddit-FeedUITests";
				PRODUCT_NAME = "$(TARGET_NAME)";
				SWIFT_VERSION = 5.0;
				TARGETED_DEVICE_FAMILY = "1,2";
				TEST_TARGET_NAME = "Reddit Feed";
			};
			name = Release;
		};
/* End XCBuildConfiguration section */

/* Begin XCConfigurationList section */
		1DE7478226E7DD93001BF233 /* Build configuration list for PBXProject "Reddit Feed" */ = {
			isa = XCConfigurationList;
			buildConfigurations = (
				1DE747AA26E7DD94001BF233 /* Debug */,
				1DE747AB26E7DD94001BF233 /* Release */,
			);
			defaultConfigurationIsVisible = 0;
			defaultConfigurationName = Release;
		};
		1DE747AC26E7DD94001BF233 /* Build configuration list for PBXNativeTarget "Reddit Feed" */ = {
			isa = XCConfigurationList;
			buildConfigurations = (
				1DE747AD26E7DD94001BF233 /* Debug */,
				1DE747AE26E7DD94001BF233 /* Release */,
			);
			defaultConfigurationIsVisible = 0;
			defaultConfigurationName = Release;
		};
		1DE747AF26E7DD94001BF233 /* Build configuration list for PBXNativeTarget "Reddit FeedTests" */ = {
			isa = XCConfigurationList;
			buildConfigurations = (
				1DE747B026E7DD94001BF233 /* Debug */,
				1DE747B126E7DD94001BF233 /* Release */,
			);
			defaultConfigurationIsVisible = 0;
			defaultConfigurationName = Release;
		};
		1DE747B226E7DD94001BF233 /* Build configuration list for PBXNativeTarget "Reddit FeedUITests" */ = {
			isa = XCConfigurationList;
			buildConfigurations = (
				1DE747B326E7DD94001BF233 /* Debug */,
				1DE747B426E7DD94001BF233 /* Release */,
			);
			defaultConfigurationIsVisible = 0;
			defaultConfigurationName = Release;
		};
/* End XCConfigurationList section */
	};
	rootObject = 1DE7477F26E7DD93001BF233 /* Project object */;
}
